// !$*UTF8*$!
{
	archiveVersion = 1;
	classes = {
	};
	objectVersion = 55;
	objects = {

/* Begin PBXBuildFile section */
		790AB4C9DFAC21E1A8702925 /* Pods_SpringUITestOnUIKit.framework in Frameworks */ = {isa = PBXBuildFile; fileRef = 1F15D6577DDF721B9E8F5ECF /* Pods_SpringUITestOnUIKit.framework */; };
		E817849527FDA23B004D8DED /* AppDelegate.swift in Sources */ = {isa = PBXBuildFile; fileRef = E817849427FDA23B004D8DED /* AppDelegate.swift */; };
		E817849727FDA23B004D8DED /* SceneDelegate.swift in Sources */ = {isa = PBXBuildFile; fileRef = E817849627FDA23B004D8DED /* SceneDelegate.swift */; };
		E817849927FDA23B004D8DED /* MainViewController.swift in Sources */ = {isa = PBXBuildFile; fileRef = E817849827FDA23B004D8DED /* MainViewController.swift */; };
		E817849C27FDA23C004D8DED /* Main.storyboard in Resources */ = {isa = PBXBuildFile; fileRef = E817849A27FDA23C004D8DED /* Main.storyboard */; };
		E817849E27FDA23C004D8DED /* Assets.xcassets in Resources */ = {isa = PBXBuildFile; fileRef = E817849D27FDA23C004D8DED /* Assets.xcassets */; };
		E81784A127FDA23C004D8DED /* LaunchScreen.storyboard in Resources */ = {isa = PBXBuildFile; fileRef = E817849F27FDA23C004D8DED /* LaunchScreen.storyboard */; };
		E83DEE0727FDF869003B70C4 /* SpringModel.swift in Sources */ = {isa = PBXBuildFile; fileRef = E83DEE0627FDF869003B70C4 /* SpringModel.swift */; };
		E83DEE0927FDFDA8003B70C4 /* SpringManager.swift in Sources */ = {isa = PBXBuildFile; fileRef = E83DEE0827FDFDA8003B70C4 /* SpringManager.swift */; };
/* End PBXBuildFile section */

/* Begin PBXFileReference section */
		1F15D6577DDF721B9E8F5ECF /* Pods_SpringUITestOnUIKit.framework */ = {isa = PBXFileReference; explicitFileType = wrapper.framework; includeInIndex = 0; path = Pods_SpringUITestOnUIKit.framework; sourceTree = BUILT_PRODUCTS_DIR; };
		222D266F6C727D343EC31F2D /* Pods-SpringUITestOnUIKit.release.xcconfig */ = {isa = PBXFileReference; includeInIndex = 1; lastKnownFileType = text.xcconfig; name = "Pods-SpringUITestOnUIKit.release.xcconfig"; path = "Target Support Files/Pods-SpringUITestOnUIKit/Pods-SpringUITestOnUIKit.release.xcconfig"; sourceTree = "<group>"; };
		CA6582B34B1ABF2EA78F9A38 /* Pods-SpringUITestOnUIKit.debug.xcconfig */ = {isa = PBXFileReference; includeInIndex = 1; lastKnownFileType = text.xcconfig; name = "Pods-SpringUITestOnUIKit.debug.xcconfig"; path = "Target Support Files/Pods-SpringUITestOnUIKit/Pods-SpringUITestOnUIKit.debug.xcconfig"; sourceTree = "<group>"; };
		E817849127FDA23B004D8DED /* SpringUITestOnUIKit.app */ = {isa = PBXFileReference; explicitFileType = wrapper.application; includeInIndex = 0; path = SpringUITestOnUIKit.app; sourceTree = BUILT_PRODUCTS_DIR; };
		E817849427FDA23B004D8DED /* AppDelegate.swift */ = {isa = PBXFileReference; lastKnownFileType = sourcecode.swift; path = AppDelegate.swift; sourceTree = "<group>"; };
		E817849627FDA23B004D8DED /* SceneDelegate.swift */ = {isa = PBXFileReference; lastKnownFileType = sourcecode.swift; path = SceneDelegate.swift; sourceTree = "<group>"; };
		E817849827FDA23B004D8DED /* MainViewController.swift */ = {isa = PBXFileReference; lastKnownFileType = sourcecode.swift; path = MainViewController.swift; sourceTree = "<group>"; };
		E817849B27FDA23C004D8DED /* Base */ = {isa = PBXFileReference; lastKnownFileType = file.storyboard; name = Base; path = Base.lproj/Main.storyboard; sourceTree = "<group>"; };
		E817849D27FDA23C004D8DED /* Assets.xcassets */ = {isa = PBXFileReference; lastKnownFileType = folder.assetcatalog; path = Assets.xcassets; sourceTree = "<group>"; };
		E81784A027FDA23C004D8DED /* Base */ = {isa = PBXFileReference; lastKnownFileType = file.storyboard; name = Base; path = Base.lproj/LaunchScreen.storyboard; sourceTree = "<group>"; };
		E81784A227FDA23C004D8DED /* Info.plist */ = {isa = PBXFileReference; lastKnownFileType = text.plist.xml; path = Info.plist; sourceTree = "<group>"; };
		E83DEE0627FDF869003B70C4 /* SpringModel.swift */ = {isa = PBXFileReference; lastKnownFileType = sourcecode.swift; path = SpringModel.swift; sourceTree = "<group>"; };
		E83DEE0827FDFDA8003B70C4 /* SpringManager.swift */ = {isa = PBXFileReference; lastKnownFileType = sourcecode.swift; path = SpringManager.swift; sourceTree = "<group>"; };
/* End PBXFileReference section */

/* Begin PBXFrameworksBuildPhase section */
		E817848E27FDA23B004D8DED /* Frameworks */ = {
			isa = PBXFrameworksBuildPhase;
			buildActionMask = 2147483647;
			files = (
				790AB4C9DFAC21E1A8702925 /* Pods_SpringUITestOnUIKit.framework in Frameworks */,
			);
			runOnlyForDeploymentPostprocessing = 0;
		};
/* End PBXFrameworksBuildPhase section */

/* Begin PBXGroup section */
		9677FCCC6919159D98ABD2CE /* Frameworks */ = {
			isa = PBXGroup;
			children = (
				1F15D6577DDF721B9E8F5ECF /* Pods_SpringUITestOnUIKit.framework */,
			);
			name = Frameworks;
			sourceTree = "<group>";
		};
		E817848827FDA23B004D8DED = {
			isa = PBXGroup;
			children = (
				E817849327FDA23B004D8DED /* SpringUITestOnUIKit */,
				E817849227FDA23B004D8DED /* Products */,
				FC15F1AEE7783A06C58B2CE7 /* Pods */,
				9677FCCC6919159D98ABD2CE /* Frameworks */,
			);
			sourceTree = "<group>";
		};
		E817849227FDA23B004D8DED /* Products */ = {
			isa = PBXGroup;
			children = (
				E817849127FDA23B004D8DED /* SpringUITestOnUIKit.app */,
			);
			name = Products;
			sourceTree = "<group>";
		};
		E817849327FDA23B004D8DED /* SpringUITestOnUIKit */ = {
			isa = PBXGroup;
			children = (
				E817849427FDA23B004D8DED /* AppDelegate.swift */,
				E817849627FDA23B004D8DED /* SceneDelegate.swift */,
				E817849827FDA23B004D8DED /* MainViewController.swift */,
				E83DEE0827FDFDA8003B70C4 /* SpringManager.swift */,
				E817849A27FDA23C004D8DED /* Main.storyboard */,
				E83DEE0627FDF869003B70C4 /* SpringModel.swift */,
				E817849D27FDA23C004D8DED /* Assets.xcassets */,
				E817849F27FDA23C004D8DED /* LaunchScreen.storyboard */,
				E81784A227FDA23C004D8DED /* Info.plist */,
			);
			path = SpringUITestOnUIKit;
			sourceTree = "<group>";
		};
		FC15F1AEE7783A06C58B2CE7 /* Pods */ = {
			isa = PBXGroup;
			children = (
				CA6582B34B1ABF2EA78F9A38 /* Pods-SpringUITestOnUIKit.debug.xcconfig */,
				222D266F6C727D343EC31F2D /* Pods-SpringUITestOnUIKit.release.xcconfig */,
			);
			path = Pods;
			sourceTree = "<group>";
		};
/* End PBXGroup section */

/* Begin PBXNativeTarget section */
		E817849027FDA23B004D8DED /* SpringUITestOnUIKit */ = {
			isa = PBXNativeTarget;
			buildConfigurationList = E81784A527FDA23C004D8DED /* Build configuration list for PBXNativeTarget "SpringUITestOnUIKit" */;
			buildPhases = (
				FD907D1F43F0CF6779ECA077 /* [CP] Check Pods Manifest.lock */,
				E817848D27FDA23B004D8DED /* Sources */,
				E817848E27FDA23B004D8DED /* Frameworks */,
				E817848F27FDA23B004D8DED /* Resources */,
				B8CAF7400F5784D9A8C5FA8C /* [CP] Embed Pods Frameworks */,
			);
			buildRules = (
			);
			dependencies = (
			);
			name = SpringUITestOnUIKit;
			productName = SpringUITestOnUIKit;
			productReference = E817849127FDA23B004D8DED /* SpringUITestOnUIKit.app */;
			productType = "com.apple.product-type.application";
		};
/* End PBXNativeTarget section */

/* Begin PBXProject section */
		E817848927FDA23B004D8DED /* Project object */ = {
			isa = PBXProject;
			attributes = {
				BuildIndependentTargetsInParallel = 1;
				LastSwiftUpdateCheck = 1320;
				LastUpgradeCheck = 1320;
				TargetAttributes = {
					E817849027FDA23B004D8DED = {
						CreatedOnToolsVersion = 13.2.1;
					};
				};
			};
			buildConfigurationList = E817848C27FDA23B004D8DED /* Build configuration list for PBXProject "SpringUITestOnUIKit" */;
			compatibilityVersion = "Xcode 13.0";
			developmentRegion = en;
			hasScannedForEncodings = 0;
			knownRegions = (
				en,
				Base,
			);
			mainGroup = E817848827FDA23B004D8DED;
			productRefGroup = E817849227FDA23B004D8DED /* Products */;
			projectDirPath = "";
			projectRoot = "";
			targets = (
				E817849027FDA23B004D8DED /* SpringUITestOnUIKit */,
			);
		};
/* End PBXProject section */

/* Begin PBXResourcesBuildPhase section */
		E817848F27FDA23B004D8DED /* Resources */ = {
			isa = PBXResourcesBuildPhase;
			buildActionMask = 2147483647;
			files = (
				E81784A127FDA23C004D8DED /* LaunchScreen.storyboard in Resources */,
				E817849E27FDA23C004D8DED /* Assets.xcassets in Resources */,
				E817849C27FDA23C004D8DED /* Main.storyboard in Resources */,
			);
			runOnlyForDeploymentPostprocessing = 0;
		};
/* End PBXResourcesBuildPhase section */

/* Begin PBXShellScriptBuildPhase section */
		B8CAF7400F5784D9A8C5FA8C /* [CP] Embed Pods Frameworks */ = {
			isa = PBXShellScriptBuildPhase;
			buildActionMask = 2147483647;
			files = (
			);
			inputFileListPaths = (
				"${PODS_ROOT}/Target Support Files/Pods-SpringUITestOnUIKit/Pods-SpringUITestOnUIKit-frameworks-${CONFIGURATION}-input-files.xcfilelist",
			);
			name = "[CP] Embed Pods Frameworks";
			outputFileListPaths = (
				"${PODS_ROOT}/Target Support Files/Pods-SpringUITestOnUIKit/Pods-SpringUITestOnUIKit-frameworks-${CONFIGURATION}-output-files.xcfilelist",
			);
			runOnlyForDeploymentPostprocessing = 0;
			shellPath = /bin/sh;
			shellScript = "\"${PODS_ROOT}/Target Support Files/Pods-SpringUITestOnUIKit/Pods-SpringUITestOnUIKit-frameworks.sh\"\n";
			showEnvVarsInLog = 0;
		};
		FD907D1F43F0CF6779ECA077 /* [CP] Check Pods Manifest.lock */ = {
			isa = PBXShellScriptBuildPhase;
			buildActionMask = 2147483647;
			files = (
			);
			inputFileListPaths = (
			);
			inputPaths = (
				"${PODS_PODFILE_DIR_PATH}/Podfile.lock",
				"${PODS_ROOT}/Manifest.lock",
			);
			name = "[CP] Check Pods Manifest.lock";
			outputFileListPaths = (
			);
			outputPaths = (
				"$(DERIVED_FILE_DIR)/Pods-SpringUITestOnUIKit-checkManifestLockResult.txt",
			);
			runOnlyForDeploymentPostprocessing = 0;
			shellPath = /bin/sh;
			shellScript = "diff \"${PODS_PODFILE_DIR_PATH}/Podfile.lock\" \"${PODS_ROOT}/Manifest.lock\" > /dev/null\nif [ $? != 0 ] ; then\n    # print error to STDERR\n    echo \"error: The sandbox is not in sync with the Podfile.lock. Run 'pod install' or update your CocoaPods installation.\" >&2\n    exit 1\nfi\n# This output is used by Xcode 'outputs' to avoid re-running this script phase.\necho \"SUCCESS\" > \"${SCRIPT_OUTPUT_FILE_0}\"\n";
			showEnvVarsInLog = 0;
		};
/* End PBXShellScriptBuildPhase section */

/* Begin PBXSourcesBuildPhase section */
		E817848D27FDA23B004D8DED /* Sources */ = {
			isa = PBXSourcesBuildPhase;
			buildActionMask = 2147483647;
			files = (
				E83DEE0727FDF869003B70C4 /* SpringModel.swift in Sources */,
				E817849927FDA23B004D8DED /* MainViewController.swift in Sources */,
				E83DEE0927FDFDA8003B70C4 /* SpringManager.swift in Sources */,
				E817849527FDA23B004D8DED /* AppDelegate.swift in Sources */,
				E817849727FDA23B004D8DED /* SceneDelegate.swift in Sources */,
			);
			runOnlyForDeploymentPostprocessing = 0;
		};
/* End PBXSourcesBuildPhase section */

/* Begin PBXVariantGroup section */
		E817849A27FDA23C004D8DED /* Main.storyboard */ = {
			isa = PBXVariantGroup;
			children = (
				E817849B27FDA23C004D8DED /* Base */,
			);
			name = Main.storyboard;
			sourceTree = "<group>";
		};
		E817849F27FDA23C004D8DED /* LaunchScreen.storyboard */ = {
			isa = PBXVariantGroup;
			children = (
				E81784A027FDA23C004D8DED /* Base */,
			);
			name = LaunchScreen.storyboard;
			sourceTree = "<group>";
		};
/* End PBXVariantGroup section */

/* Begin XCBuildConfiguration section */
		E81784A327FDA23C004D8DED /* Debug */ = {
			isa = XCBuildConfiguration;
			buildSettings = {
				ALWAYS_SEARCH_USER_PATHS = NO;
				CLANG_ANALYZER_NONNULL = YES;
				CLANG_ANALYZER_NUMBER_OBJECT_CONVERSION = YES_AGGRESSIVE;
				CLANG_CXX_LANGUAGE_STANDARD = "gnu++17";
				CLANG_CXX_LIBRARY = "libc++";
				CLANG_ENABLE_MODULES = YES;
				CLANG_ENABLE_OBJC_ARC = YES;
				CLANG_ENABLE_OBJC_WEAK = YES;
				CLANG_WARN_BLOCK_CAPTURE_AUTORELEASING = YES;
				CLANG_WARN_BOOL_CONVERSION = YES;
				CLANG_WARN_COMMA = YES;
				CLANG_WARN_CONSTANT_CONVERSION = YES;
				CLANG_WARN_DEPRECATED_OBJC_IMPLEMENTATIONS = YES;
				CLANG_WARN_DIRECT_OBJC_ISA_USAGE = YES_ERROR;
				CLANG_WARN_DOCUMENTATION_COMMENTS = YES;
				CLANG_WARN_EMPTY_BODY = YES;
				CLANG_WARN_ENUM_CONVERSION = YES;
				CLANG_WARN_INFINITE_RECURSION = YES;
				CLANG_WARN_INT_CONVERSION = YES;
				CLANG_WARN_NON_LITERAL_NULL_CONVERSION = YES;
				CLANG_WARN_OBJC_IMPLICIT_RETAIN_SELF = YES;
				CLANG_WARN_OBJC_LITERAL_CONVERSION = YES;
				CLANG_WARN_OBJC_ROOT_CLASS = YES_ERROR;
				CLANG_WARN_QUOTED_INCLUDE_IN_FRAMEWORK_HEADER = YES;
				CLANG_WARN_RANGE_LOOP_ANALYSIS = YES;
				CLANG_WARN_STRICT_PROTOTYPES = YES;
				CLANG_WARN_SUSPICIOUS_MOVE = YES;
				CLANG_WARN_UNGUARDED_AVAILABILITY = YES_AGGRESSIVE;
				CLANG_WARN_UNREACHABLE_CODE = YES;
				CLANG_WARN__DUPLICATE_METHOD_MATCH = YES;
				COPY_PHASE_STRIP = NO;
				DEBUG_INFORMATION_FORMAT = dwarf;
				ENABLE_STRICT_OBJC_MSGSEND = YES;
				ENABLE_TESTABILITY = YES;
				GCC_C_LANGUAGE_STANDARD = gnu11;
				GCC_DYNAMIC_NO_PIC = NO;
				GCC_NO_COMMON_BLOCKS = YES;
				GCC_OPTIMIZATION_LEVEL = 0;
				GCC_PREPROCESSOR_DEFINITIONS = (
					"DEBUG=1",
					"$(inherited)",
				);
				GCC_WARN_64_TO_32_BIT_CONVERSION = YES;
				GCC_WARN_ABOUT_RETURN_TYPE = YES_ERROR;
				GCC_WARN_UNDECLARED_SELECTOR = YES;
				GCC_WARN_UNINITIALIZED_AUTOS = YES_AGGRESSIVE;
				GCC_WARN_UNUSED_FUNCTION = YES;
				GCC_WARN_UNUSED_VARIABLE = YES;
				IPHONEOS_DEPLOYMENT_TARGET = 15.2;
				MTL_ENABLE_DEBUG_INFO = INCLUDE_SOURCE;
				MTL_FAST_MATH = YES;
				ONLY_ACTIVE_ARCH = YES;
				SDKROOT = iphoneos;
				SWIFT_ACTIVE_COMPILATION_CONDITIONS = DEBUG;
				SWIFT_OPTIMIZATION_LEVEL = "-Onone";
			};
			name = Debug;
		};
		E81784A427FDA23C004D8DED /* Release */ = {
			isa = XCBuildConfiguration;
			buildSettings = {
				ALWAYS_SEARCH_USER_PATHS = NO;
				CLANG_ANALYZER_NONNULL = YES;
				CLANG_ANALYZER_NUMBER_OBJECT_CONVERSION = YES_AGGRESSIVE;
				CLANG_CXX_LANGUAGE_STANDARD = "gnu++17";
				CLANG_CXX_LIBRARY = "libc++";
				CLANG_ENABLE_MODULES = YES;
				CLANG_ENABLE_OBJC_ARC = YES;
				CLANG_ENABLE_OBJC_WEAK = YES;
				CLANG_WARN_BLOCK_CAPTURE_AUTORELEASING = YES;
				CLANG_WARN_BOOL_CONVERSION = YES;
				CLANG_WARN_COMMA = YES;
				CLANG_WARN_CONSTANT_CONVERSION = YES;
				CLANG_WARN_DEPRECATED_OBJC_IMPLEMENTATIONS = YES;
				CLANG_WARN_DIRECT_OBJC_ISA_USAGE = YES_ERROR;
				CLANG_WARN_DOCUMENTATION_COMMENTS = YES;
				CLANG_WARN_EMPTY_BODY = YES;
				CLANG_WARN_ENUM_CONVERSION = YES;
				CLANG_WARN_INFINITE_RECURSION = YES;
				CLANG_WARN_INT_CONVERSION = YES;
				CLANG_WARN_NON_LITERAL_NULL_CONVERSION = YES;
				CLANG_WARN_OBJC_IMPLICIT_RETAIN_SELF = YES;
				CLANG_WARN_OBJC_LITERAL_CONVERSION = YES;
				CLANG_WARN_OBJC_ROOT_CLASS = YES_ERROR;
				CLANG_WARN_QUOTED_INCLUDE_IN_FRAMEWORK_HEADER = YES;
				CLANG_WARN_RANGE_LOOP_ANALYSIS = YES;
				CLANG_WARN_STRICT_PROTOTYPES = YES;
				CLANG_WARN_SUSPICIOUS_MOVE = YES;
				CLANG_WARN_UNGUARDED_AVAILABILITY = YES_AGGRESSIVE;
				CLANG_WARN_UNREACHABLE_CODE = YES;
				CLANG_WARN__DUPLICATE_METHOD_MATCH = YES;
				COPY_PHASE_STRIP = NO;
				DEBUG_INFORMATION_FORMAT = "dwarf-with-dsym";
				ENABLE_NS_ASSERTIONS = NO;
				ENABLE_STRICT_OBJC_MSGSEND = YES;
				GCC_C_LANGUAGE_STANDARD = gnu11;
				GCC_NO_COMMON_BLOCKS = YES;
				GCC_WARN_64_TO_32_BIT_CONVERSION = YES;
				GCC_WARN_ABOUT_RETURN_TYPE = YES_ERROR;
				GCC_WARN_UNDECLARED_SELECTOR = YES;
				GCC_WARN_UNINITIALIZED_AUTOS = YES_AGGRESSIVE;
				GCC_WARN_UNUSED_FUNCTION = YES;
				GCC_WARN_UNUSED_VARIABLE = YES;
				IPHONEOS_DEPLOYMENT_TARGET = 15.2;
				MTL_ENABLE_DEBUG_INFO = NO;
				MTL_FAST_MATH = YES;
				SDKROOT = iphoneos;
				SWIFT_COMPILATION_MODE = wholemodule;
				SWIFT_OPTIMIZATION_LEVEL = "-O";
				VALIDATE_PRODUCT = YES;
			};
			name = Release;
		};
		E81784A627FDA23C004D8DED /* Debug */ = {
			isa = XCBuildConfiguration;
			baseConfigurationReference = CA6582B34B1ABF2EA78F9A38 /* Pods-SpringUITestOnUIKit.debug.xcconfig */;
			buildSettings = {
				ASSETCATALOG_COMPILER_APPICON_NAME = AppIcon;
				ASSETCATALOG_COMPILER_GLOBAL_ACCENT_COLOR_NAME = AccentColor;
				CODE_SIGN_STYLE = Automatic;
				CURRENT_PROJECT_VERSION = 1;
				DEVELOPMENT_TEAM = 2Q7FR5CHKB;
				GENERATE_INFOPLIST_FILE = YES;
				INFOPLIST_FILE = SpringUITestOnUIKit/Info.plist;
				INFOPLIST_KEY_UIApplicationSupportsIndirectInputEvents = YES;
				INFOPLIST_KEY_UILaunchStoryboardName = LaunchScreen;
				INFOPLIST_KEY_UIMainStoryboardFile = Main;
				INFOPLIST_KEY_UISupportedInterfaceOrientations_iPad = "UIInterfaceOrientationPortrait UIInterfaceOrientationPortraitUpsideDown UIInterfaceOrientationLandscapeLeft UIInterfaceOrientationLandscapeRight";
				INFOPLIST_KEY_UISupportedInterfaceOrientations_iPhone = "UIInterfaceOrientationPortrait UIInterfaceOrientationLandscapeLeft UIInterfaceOrientationLandscapeRight";
				LD_RUNPATH_SEARCH_PATHS = (
					"$(inherited)",
					"@executable_path/Frameworks",
				);
				MARKETING_VERSION = 1.0;
				PRODUCT_BUNDLE_IDENTIFIER = reyganstorm.SpringUITestOnUIKit;
				PRODUCT_NAME = "$(TARGET_NAME)";
				SWIFT_EMIT_LOC_STRINGS = YES;
				SWIFT_VERSION = 5.0;
				TARGETED_DEVICE_FAMILY = "1,2";
			};
			name = Debug;
		};
		E81784A727FDA23C004D8DED /* Release */ = {
			isa = XCBuildConfiguration;
			baseConfigurationReference = 222D266F6C727D343EC31F2D /* Pods-SpringUITestOnUIKit.release.xcconfig */;
			buildSettings = {
				ASSETCATALOG_COMPILER_APPICON_NAME = AppIcon;
				ASSETCATALOG_COMPILER_GLOBAL_ACCENT_COLOR_NAME = AccentColor;
				CODE_SIGN_STYLE = Automatic;
				CURRENT_PROJECT_VERSION = 1;
				DEVELOPMENT_TEAM = 2Q7FR5CHKB;
				GENERATE_INFOPLIST_FILE = YES;
				INFOPLIST_FILE = SpringUITestOnUIKit/Info.plist;
				INFOPLIST_KEY_UIApplicationSupportsIndirectInputEvents = YES;
				INFOPLIST_KEY_UILaunchStoryboardName = LaunchScreen;
				INFOPLIST_KEY_UIMainStoryboardFile = Main;
				INFOPLIST_KEY_UISupportedInterfaceOrientations_iPad = "UIInterfaceOrientationPortrait UIInterfaceOrientationPortraitUpsideDown UIInterfaceOrientationLandscapeLeft UIInterfaceOrientationLandscapeRight";
				INFOPLIST_KEY_UISupportedInterfaceOrientations_iPhone = "UIInterfaceOrientationPortrait UIInterfaceOrientationLandscapeLeft UIInterfaceOrientationLandscapeRight";
				LD_RUNPATH_SEARCH_PATHS = (
					"$(inherited)",
					"@executable_path/Frameworks",
				);
				MARKETING_VERSION = 1.0;
				PRODUCT_BUNDLE_IDENTIFIER = reyganstorm.SpringUITestOnUIKit;
				PRODUCT_NAME = "$(TARGET_NAME)";
				SWIFT_EMIT_LOC_STRINGS = YES;
				SWIFT_VERSION = 5.0;
				TARGETED_DEVICE_FAMILY = "1,2";
			};
			name = Release;
		};
/* End XCBuildConfiguration section */

/* Begin XCConfigurationList section */
		E817848C27FDA23B004D8DED /* Build configuration list for PBXProject "SpringUITestOnUIKit" */ = {
			isa = XCConfigurationList;
			buildConfigurations = (
				E81784A327FDA23C004D8DED /* Debug */,
				E81784A427FDA23C004D8DED /* Release */,
			);
			defaultConfigurationIsVisible = 0;
			defaultConfigurationName = Release;
		};
		E81784A527FDA23C004D8DED /* Build configuration list for PBXNativeTarget "SpringUITestOnUIKit" */ = {
			isa = XCConfigurationList;
			buildConfigurations = (
				E81784A627FDA23C004D8DED /* Debug */,
				E81784A727FDA23C004D8DED /* Release */,
			);
			defaultConfigurationIsVisible = 0;
			defaultConfigurationName = Release;
		};
/* End XCConfigurationList section */
	};
	rootObject = E817848927FDA23B004D8DED /* Project object */;
}
